<?xml version="1.0" encoding="utf-8"?>
<Project ToolsVersion="4.0" xmlns="http://schemas.microsoft.com/developer/msbuild/2003">
  <ItemGroup>
    <Filter Include="Source Files">
      <UniqueIdentifier>{3c6b11c2-eaf1-49ae-b8c1-973986440048}</UniqueIdentifier>
      <Extensions>cpp;c;cxx;rc;def;r;odl;idl;hpj;bat</Extensions>
    </Filter>
    <Filter Include="Header Files">
      <UniqueIdentifier>{c8d12d9e-5121-4d1d-b809-6c89051c3f66}</UniqueIdentifier>
      <Extensions>h;hpp;hxx;hm;inl</Extensions>
    </Filter>
    <Filter Include="Resource Files">
      <UniqueIdentifier>{da576fc0-3755-475b-84b2-ca8dde65c400}</UniqueIdentifier>
      <Extensions>ico;cur;bmp;dlg;rc2;rct;bin;rgs;gif;jpg;jpeg;jpe</Extensions>
    </Filter>
  </ItemGroup>
  <ItemGroup>
    <ClCompile Include="CmpDlg.cpp">
      <Filter>Source Files</Filter>
    </ClCompile>
    <ClCompile Include="common.cpp">
      <Filter>Source Files</Filter>
    </ClCompile>
    <ClCompile Include="DlgAString.cpp">
      <Filter>Source Files</Filter>
    </ClCompile>
    <ClCompile Include="DlgFilter.cpp">
      <Filter>Source Files</Filter>
    </ClCompile>
    <ClCompile Include="DlgFilter_Y8.cpp">
      <Filter>Source Files</Filter>
    </ClCompile>
    <ClCompile Include="DlgFilterGain.cpp">
      <Filter>Source Files</Filter>
    </ClCompile>
    <ClCompile Include="DlgFilters.cpp">
      <Filter>Source Files</Filter>
    </ClCompile>
    <ClCompile Include="DlgFormater.cpp">
      <Filter>Source Files</Filter>
    </ClCompile>
    <ClCompile Include="DlgMsg.cpp">
      <Filter>Source Files</Filter>
    </ClCompile>
    <ClCompile Include="DlgPixel.cpp">
      <Filter>Source Files</Filter>
    </ClCompile>
    <ClCompile Include="DlgProperty.cpp">
      <Filter>Source Files</Filter>
    </ClCompile>
    <ClCompile Include="DlgSimpleCfg.cpp">
      <Filter>Source Files</Filter>
    </ClCompile>
    <ClCompile Include="DlgTranscode.cpp">
      <Filter>Source Files</Filter>
    </ClCompile>
    <ClCompile Include="DlgValues2.cpp">
      <Filter>Source Files</Filter>
    </ClCompile>
    <ClCompile Include="DlgValues2Set.cpp">
      <Filter>Source Files</Filter>
    </ClCompile>
    <ClCompile Include="FileSource.cpp">
      <Filter>Source Files</Filter>
    </ClCompile>
    <ClCompile Include="Filter_mirror.cpp">
      <Filter>Source Files</Filter>
    </ClCompile>
    <ClCompile Include="Filter_test.cpp">
      <Filter>Source Files</Filter>
    </ClCompile>
    <ClCompile Include="Filter_upset.cpp">
      <Filter>Source Files</Filter>
    </ClCompile>
    <ClCompile Include="FilterMan.cpp">
      <Filter>Source Files</Filter>
    </ClCompile>
    <ClCompile Include="Formater_420SP.cpp">
      <Filter>Source Files</Filter>
    </ClCompile>
    <ClCompile Include="Formater_422SP.cpp">
      <Filter>Source Files</Filter>
    </ClCompile>
    <ClCompile Include="Formater_BGR24.cpp">
      <Filter>Source Files</Filter>
    </ClCompile>
    <ClCompile Include="Formater_I420.cpp">
      <Filter>Source Files</Filter>
    </ClCompile>
    <ClCompile Include="Formater_I422.cpp">
      <Filter>Source Files</Filter>
    </ClCompile>
    <ClCompile Include="Formater_RGB24.cpp">
      <Filter>Source Files</Filter>
    </ClCompile>
    <ClCompile Include="Formater_UYVY.cpp">
      <Filter>Source Files</Filter>
    </ClCompile>
    <ClCompile Include="Formater_Y16.cpp">
      <Filter>Source Files</Filter>
    </ClCompile>
    <ClCompile Include="Formater_Y8.cpp">
      <Filter>Source Files</Filter>
    </ClCompile>
    <ClCompile Include="Formater_YUV444.cpp">
      <Filter>Source Files</Filter>
    </ClCompile>
    <ClCompile Include="Formater_YUYV.cpp">
      <Filter>Source Files</Filter>
    </ClCompile>
    <ClCompile Include="Formater_YV12.cpp">
      <Filter>Source Files</Filter>
    </ClCompile>
    <ClCompile Include="Formater_YV16.cpp">
      <Filter>Source Files</Filter>
    </ClCompile>
    <ClCompile Include="FormaterMan.cpp">
      <Filter>Source Files</Filter>
    </ClCompile>
    <ClCompile Include="ImageWnd.cpp">
      <Filter>Source Files</Filter>
    </ClCompile>
    <ClCompile Include="Inner_modules.cpp">
      <Filter>Source Files</Filter>
    </ClCompile>
    <ClCompile Include="MenuList.cpp">
      <Filter>Source Files</Filter>
    </ClCompile>
    <ClCompile Include="mFile.cpp">
      <Filter>Source Files</Filter>
    </ClCompile>
    <ClCompile Include="PosWnd.cpp">
      <Filter>Source Files</Filter>
    </ClCompile>
    <ClCompile Include="Render.cpp">
      <Filter>Source Files</Filter>
    </ClCompile>
    <ClCompile Include="StdAfx.cpp">
      <Filter>Source Files</Filter>
    </ClCompile>
    <ClCompile Include="ThreadTranscode.cpp">
      <Filter>Source Files</Filter>
    </ClCompile>
    <ClCompile Include="ValuesDlg.cpp">
      <Filter>Source Files</Filter>
    </ClCompile>
    <ClCompile Include="yuvDoc.cpp">
      <Filter>Source Files</Filter>
    </ClCompile>
    <ClCompile Include="yuvplay.cpp">
      <Filter>Source Files</Filter>
    </ClCompile>
    <ClCompile Include="yuvplayDlg.cpp">
      <Filter>Source Files</Filter>
    </ClCompile>
  </ItemGroup>
  <ItemGroup>
    <ResourceCompile Include="yuvplay.rc">
      <Filter>Source Files</Filter>
    </ResourceCompile>
  </ItemGroup>
  <ItemGroup>
    <ClInclude Include="CmpDlg.h">
      <Filter>Header Files</Filter>
    </ClInclude>
    <ClInclude Include="common.h">
      <Filter>Header Files</Filter>
    </ClInclude>
    <ClInclude Include="DlgAString.h">
      <Filter>Header Files</Filter>
    </ClInclude>
    <ClInclude Include="DlgFilter.h">
      <Filter>Header Files</Filter>
    </ClInclude>
    <ClInclude Include="DlgFilter_Y8.h">
      <Filter>Header Files</Filter>
    </ClInclude>
    <ClInclude Include="DlgFilterGain.h">
      <Filter>Header Files</Filter>
    </ClInclude>
    <ClInclude Include="DlgFilters.h">
      <Filter>Header Files</Filter>
    </ClInclude>
    <ClInclude Include="DLGFormater.h">
      <Filter>Header Files</Filter>
    </ClInclude>
    <ClInclude Include="DlgMsg.h">
      <Filter>Header Files</Filter>
    </ClInclude>
    <ClInclude Include="DlgPixel.h">
      <Filter>Header Files</Filter>
    </ClInclude>
    <ClInclude Include="DLGProperty.h">
      <Filter>Header Files</Filter>
    </ClInclude>
    <ClInclude Include="DlgSimpleCfg.h">
      <Filter>Header Files</Filter>
    </ClInclude>
    <ClInclude Include="DlgTranscode.h">
      <Filter>Header Files</Filter>
    </ClInclude>
    <ClInclude Include="DlgValues2.h">
      <Filter>Header Files</Filter>
    </ClInclude>
    <ClInclude Include="DlgValues2Set.h">
      <Filter>Header Files</Filter>
    </ClInclude>
    <ClInclude Include="FileSource.h">
      <Filter>Header Files</Filter>
    </ClInclude>
    <ClInclude Include="Filter_mirror.h">
      <Filter>Header Files</Filter>
    </ClInclude>
    <ClInclude Include="Filter_test.h">
      <Filter>Header Files</Filter>
    </ClInclude>
    <ClInclude Include="Filter_upset.h">
      <Filter>Header Files</Filter>
    </ClInclude>
    <ClInclude Include="FilterMan.h">
      <Filter>Header Files</Filter>
    </ClInclude>
    <ClInclude Include="Formater_420SP.h">
      <Filter>Header Files</Filter>
    </ClInclude>
    <ClInclude Include="Formater_422SP.h">
      <Filter>Header Files</Filter>
    </ClInclude>
    <ClInclude Include="Formater_BGR24.h">
      <Filter>Header Files</Filter>
    </ClInclude>
    <ClInclude Include="Formater_I420.h">
      <Filter>Header Files</Filter>
    </ClInclude>
    <ClInclude Include="Formater_I422.h">
      <Filter>Header Files</Filter>
    </ClInclude>
    <ClInclude Include="Formater_RGB24.h">
      <Filter>Header Files</Filter>
    </ClInclude>
    <ClInclude Include="Formater_UYVY.h">
      <Filter>Header Files</Filter>
    </ClInclude>
    <ClInclude Include="Formater_Y16.h">
      <Filter>Header Files</Filter>
    </ClInclude>
    <ClInclude Include="Formater_Y8.h">
      <Filter>Header Files</Filter>
    </ClInclude>
    <ClInclude Include="Formater_YUV444.h">
      <Filter>Header Files</Filter>
    </ClInclude>
    <ClInclude Include="Formater_YUYV.h">
      <Filter>Header Files</Filter>
    </ClInclude>
    <ClInclude Include="Formater_YV12.h">
      <Filter>Header Files</Filter>
    </ClInclude>
    <ClInclude Include="Formater_YV16.h">
      <Filter>Header Files</Filter>
    </ClInclude>
    <ClInclude Include="FormaterMan.h">
      <Filter>Header Files</Filter>
    </ClInclude>
    <ClInclude Include="ImageWnd.h">
      <Filter>Header Files</Filter>
    </ClInclude>
    <ClInclude Include="Inner_modules.h">
      <Filter>Header Files</Filter>
    </ClInclude>
    <ClInclude Include="MenuList.h">
      <Filter>Header Files</Filter>
    </ClInclude>
    <ClInclude Include="Message.h">
      <Filter>Header Files</Filter>
    </ClInclude>
    <ClInclude Include="mFile.h">
      <Filter>Header Files</Filter>
    </ClInclude>
    <ClInclude Include="ModuleList.h">
      <Filter>Header Files</Filter>
    </ClInclude>
    <ClInclude Include="Plugin.h">
      <Filter>Header Files</Filter>
    </ClInclude>
    <ClInclude Include="PosWnd.h">
      <Filter>Header Files</Filter>
    </ClInclude>
    <ClInclude Include="Render.h">
      <Filter>Header Files</Filter>
    </ClInclude>
    <ClInclude Include="Resource.h">
      <Filter>Header Files</Filter>
    </ClInclude>
    <ClInclude Include="StdAfx.h">
      <Filter>Header Files</Filter>
    </ClInclude>
    <ClInclude Include="ThreadTranscode.h">
      <Filter>Header Files</Filter>
    </ClInclude>
    <ClInclude Include="ValuesDlg.h">
      <Filter>Header Files</Filter>
    </ClInclude>
    <ClInclude Include="Version.h">
      <Filter>Header Files</Filter>
    </ClInclude>
    <ClInclude Include="yuvDoc.h">
      <Filter>Header Files</Filter>
    </ClInclude>
    <ClInclude Include="yuvplay.h">
      <Filter>Header Files</Filter>
    </ClInclude>
    <ClInclude Include="yuvplayDlg.h">
      <Filter>Header Files</Filter>
    </ClInclude>
  </ItemGroup>
  <ItemGroup>
    <Image Include="res\icon1.ico">
      <Filter>Resource Files</Filter>
    </Image>
    <Image Include="res\yuvplay.ico">
      <Filter>Resource Files</Filter>
    </Image>
  </ItemGroup>
  <ItemGroup>
    <Xml Include="manifest.xml" />
  </ItemGroup>
  <ItemGroup>
    <Manifest Include="yuvplay.exe.manifest" />
  </ItemGroup>
  <ItemGroup>
    <CustomBuild Include="res\default1.bin">
      <Filter>Resource Files</Filter>
    </CustomBuild>
    <CustomBuild Include="res\yuvplay.rc2">
      <Filter>Resource Files</Filter>
    </CustomBuild>
  </ItemGroup>
</Project>